
Microsoft Visual Studio Solution File, Format Version 12.00
# Visual Studio Version 17
VisualStudioVersion = 17.0.31903.59
MinimumVisualStudioVersion = 10.0.40219.1
Project("{2150E333-8FDC-42A3-9474-1A3956D46DE8}") = "src", "src", "{43478387-FF8B-408D-8659-14EDF6D160D2}"
EndProject
Project("{FAE04EC0-301F-11D3-BF4B-00C04F79EFBC}") = "OptiAudit.Core", "src\OptiAudit.Core\OptiAudit.Core.csproj", "{662AE5E9-255D-43EE-9A9A-2F531AFFB77C}"
EndProject
Project("{FAE04EC0-301F-11D3-BF4B-00C04F79EFBC}") = "OptiAudit.App", "src\OptiAudit.App\OptiAudit.App.csproj", "{7D3A9C51-42E8-4B1F-9C6D-A85F20174E63}"
EndProject
Project("{2150E333-8FDC-42A3-9474-1A3956D46DE8}") = "tests", "tests", "{ED08FF26-5613-4332-BC58-818801821781}"
EndProject
Project("{FAE04EC0-301F-11D3-BF4B-00C04F79EFBC}") = "OptiAudit.Core.Tests", "tests\OptiAudit.Core.Tests\OptiAudit.Core.Tests.csproj", "{8BCD04C2-D084-4522-8BFB-C57223FB22CB}"
EndProject
Global
	GlobalSection(SolutionConfigurationPlatforms) = preSolution
		Debug|Any CPU = Debug|Any CPU
		Release|Any CPU = Release|Any CPU
	EndGlobalSection
	GlobalSection(SolutionProperties) = preSolution
		HideSolutionNode = FALSE
	EndGlobalSection
	GlobalSection(ProjectConfigurationPlatforms) = postSolution
		{662AE5E9-255D-43EE-9A9A-2F531AFFB77C}.Debug|Any CPU.ActiveCfg = Debug|Any CPU
		{662AE5E9-255D-43EE-9A9A-2F531AFFB77C}.Debug|Any CPU.Build.0 = Debug|Any CPU
		{662AE5E9-255D-43EE-9A9A-2F531AFFB77C}.Release|Any CPU.ActiveCfg = Release|Any CPU
		{662AE5E9-255D-43EE-9A9A-2F531AFFB77C}.Release|Any CPU.Build.0 = Release|Any CPU
		{8BCD04C2-D084-4522-8BFB-C57223FB22CB}.Debug|Any CPU.ActiveCfg = Debug|Any CPU
		{8BCD04C2-D084-4522-8BFB-C57223FB22CB}.Debug|Any CPU.Build.0 = Debug|Any CPU
		{8BCD04C2-D084-4522-8BFB-C57223FB22CB}.Release|Any CPU.ActiveCfg = Release|Any CPU
		{8BCD04C2-D084-4522-8BFB-C57223FB22CB}.Release|Any CPU.Build.0 = Release|Any CPU
		{7D3A9C51-42E8-4B1F-9C6D-A85F20174E63}.Debug|Any CPU.ActiveCfg = Debug|Any CPU
		{7D3A9C51-42E8-4B1F-9C6D-A85F20174E63}.Debug|Any CPU.Build.0 = Debug|Any CPU
		{7D3A9C51-42E8-4B1F-9C6D-A85F20174E63}.Release|Any CPU.ActiveCfg = Release|Any CPU
		{7D3A9C51-42E8-4B1F-9C6D-A85F20174E63}.Release|Any CPU.Build.0 = Release|Any CPU
	EndGlobalSection
	GlobalSection(NestedProjects) = preSolution
		{662AE5E9-255D-43EE-9A9A-2F531AFFB77C} = {43478387-FF8B-408D-8659-14EDF6D160D2}
		{7D3A9C51-42E8-4B1F-9C6D-A85F20174E63} = {43478387-FF8B-408D-8659-14EDF6D160D2}
		{8BCD04C2-D084-4522-8BFB-C57223FB22CB} = {ED08FF26-5613-4332-BC58-818801821781}
	EndGlobalSection
EndGlobal
